
Microsoft Visual Studio Solution File, Format Version 12.00
# Visual Studio Version 16
VisualStudioVersion = 16.0.30011.22
MinimumVisualStudioVersion = 10.0.40219.1
Project("{FAE04EC0-301F-11D3-BF4B-00C04F79EFBC}") = "BibblanAPI", "BibblanAPI\BibblanAPI.csproj", "{9F6E9537-AB49-47A0-A332-BB98E0F2F55A}"
EndProject
Global
	GlobalSection(SolutionConfigurationPlatforms) = preSolution
		Debug|Any CPU = Debug|Any CPU
		Release|Any CPU = Release|Any CPU
	EndGlobalSection
	GlobalSection(ProjectConfigurationPlatforms) = postSolution
		{9F6E9537-AB49-47A0-A332-BB98E0F2F55A}.Debug|Any CPU.ActiveCfg = Debug|Any CPU
		{9F6E9537-AB49-47A0-A332-BB98E0F2F55A}.Debug|Any CPU.Build.0 = Debug|Any CPU
		{9F6E9537-AB49-47A0-A332-BB98E0F2F55A}.Release|Any CPU.ActiveCfg = Release|Any CPU
		{9F6E9537-AB49-47A0-A332-BB98E0F2F55A}.Release|Any CPU.Build.0 = Release|Any CPU
	EndGlobalSection
	GlobalSection(SolutionProperties) = preSolution
		HideSolutionNode = FALSE
	EndGlobalSection
	GlobalSection(ExtensibilityGlobals) = postSolution
		SolutionGuid = {324EF7DE-25F2-4709-902D-E5FA26D11EAE}
	EndGlobalSection
EndGlobal
